
Microsoft Visual Studio Solution File, Format Version 12.00
# Visual Studio Version 17
VisualStudioVersion = 17.7.34202.233
MinimumVisualStudioVersion = 10.0.40219.1
Project("{FAE04EC0-301F-11D3-BF4B-00C04F79EFBC}") = "ConsoleApplication", "ConsoleApplication\ConsoleApplication.csproj", "{CC21388A-2CD1-4BAE-9B21-CB5E9528FA3D}"
EndProject
Global
	GlobalSection(SolutionConfigurationPlatforms) = preSolution
		Debug|Any CPU = Debug|Any CPU
		Release|Any CPU = Release|Any CPU
	EndGlobalSection
	GlobalSection(ProjectConfigurationPlatforms) = postSolution
		{CC21388A-2CD1-4BAE-9B21-CB5E9528FA3D}.Debug|Any CPU.ActiveCfg = Debug|Any CPU
		{CC21388A-2CD1-4BAE-9B21-CB5E9528FA3D}.Debug|Any CPU.Build.0 = Debug|Any CPU
		{CC21388A-2CD1-4BAE-9B21-CB5E9528FA3D}.Release|Any CPU.ActiveCfg = Release|Any CPU
		{CC21388A-2CD1-4BAE-9B21-CB5E9528FA3D}.Release|Any CPU.Build.0 = Release|Any CPU
	EndGlobalSection
	GlobalSection(SolutionProperties) = preSolution
		HideSolutionNode = FALSE
	EndGlobalSection
	GlobalSection(ExtensibilityGlobals) = postSolution
		SolutionGuid = {2A411545-FB04-426B-B527-86969E22C252}
	EndGlobalSection
EndGlobal
